github.com/alicebob/miniredis/v2 v2.35.0/go.mod h1:TcL7YfarKPGDAthEtl5NBeHZfeUQj6OXMm/+iu5cLMM=
github.com/cloudwego/eino v0.9.0-alpha.5.0.20260421122314-28a9142a0774/go.mod h1:OBD1mrkfkt/pJa4rkg1P0VnaMeOVl7l8IAdEqY//3IQ=
github.com/cloudwego/eino v0.9.1-0.20260529083209-ce575f983659 h1:6h4qBzjtt+19cQj9bleDubsmreZfIbaIma8F2Rrc7pQ=
github.com/cloudwego/eino v0.9.1-0.20260529083209-ce575f983659/go.mod h1:OBD1mrkfkt/pJa4rkg1P0VnaMeOVl7l8IAdEqY//3IQ=
github.com/cloudwego/eino v0.10.0-alpha.8.0.20260625140031-bab9802e7f3b h1:AYuy9YHj49R2oDwlX2RP6yiZ6F42nKYXVB1Jcx00elM=
github.com/cloudwego/eino v0.10.0-alpha.8.0.20260625140031-bab9802e7f3b/go.mod h1:OBD1mrkfkt/pJa4rkg1P0VnaMeOVl7l8IAdEqY//3IQ=
github.com/redis/go-redis/v9 v9.10.0/go.mod h1:huWgSWd8mW6+m0VPhJjSSQ+d6Nh1VICQ6Q5lHuCH/Iw=
github.com/stretchr/testify v1.11.1/go.mod h1:wZwfW3scLgRK+23gO65QZefKpKQRnfz6sD981Nm4B6U=
